
Microsoft Visual Studio Solution File, Format Version 12.00
# Visual Studio Version 16
VisualStudioVersion = 16.0.28531.58
MinimumVisualStudioVersion = 10.0.40219.1
Project("{FAE04EC0-301F-11D3-BF4B-00C04F79EFBC}") = "PasswordServiceLib", "PasswordServiceLib\PasswordServiceLib.csproj", "{BBE5BEE5-2F4E-4A37-8E3D-2134BB4DF57A}"
EndProject
Global
	GlobalSection(SolutionConfigurationPlatforms) = preSolution
		Debug|Any CPU = Debug|Any CPU
		Release|Any CPU = Release|Any CPU
	EndGlobalSection
	GlobalSection(ProjectConfigurationPlatforms) = postSolution
		{BBE5BEE5-2F4E-4A37-8E3D-2134BB4DF57A}.Debug|Any CPU.ActiveCfg = Debug|Any CPU
		{BBE5BEE5-2F4E-4A37-8E3D-2134BB4DF57A}.Debug|Any CPU.Build.0 = Debug|Any CPU
		{BBE5BEE5-2F4E-4A37-8E3D-2134BB4DF57A}.Release|Any CPU.ActiveCfg = Release|Any CPU
		{BBE5BEE5-2F4E-4A37-8E3D-2134BB4DF57A}.Release|Any CPU.Build.0 = Release|Any CPU
	EndGlobalSection
	GlobalSection(SolutionProperties) = preSolution
		HideSolutionNode = FALSE
	EndGlobalSection
	GlobalSection(ExtensibilityGlobals) = postSolution
		SolutionGuid = {B68FF0B7-9C17-4793-BCC0-45A19FF6AC9A}
	EndGlobalSection
EndGlobal
